
Microsoft Visual Studio Solution File, Format Version 12.00
# Visual Studio Version 17
VisualStudioVersion = 17.0.32112.339
MinimumVisualStudioVersion = 10.0.40219.1
Project("{8BC9CEB8-8B4A-11D0-8D11-00A0C91BC942}") = "ProblemSet3", "ProblemSet3\ProblemSet3.vcxproj", "{6916BB0F-86EF-4492-BD07-CE6F3ED03AB3}"
EndProject
Global
	GlobalSection(SolutionConfigurationPlatforms) = preSolution
		Debug|x64 = Debug|x64
		Debug|x86 = Debug|x86
		Release|x64 = Release|x64
		Release|x86 = Release|x86
	EndGlobalSection
	GlobalSection(ProjectConfigurationPlatforms) = postSolution
		{6916BB0F-86EF-4492-BD07-CE6F3ED03AB3}.Debug|x64.ActiveCfg = Debug|x64
		{6916BB0F-86EF-4492-BD07-CE6F3ED03AB3}.Debug|x64.Build.0 = Debug|x64
		{6916BB0F-86EF-4492-BD07-CE6F3ED03AB3}.Debug|x86.ActiveCfg = Debug|Win32
		{6916BB0F-86EF-4492-BD07-CE6F3ED03AB3}.Debug|x86.Build.0 = Debug|Win32
		{6916BB0F-86EF-4492-BD07-CE6F3ED03AB3}.Release|x64.ActiveCfg = Release|x64
		{6916BB0F-86EF-4492-BD07-CE6F3ED03AB3}.Release|x64.Build.0 = Release|x64
		{6916BB0F-86EF-4492-BD07-CE6F3ED03AB3}.Release|x86.ActiveCfg = Release|Win32
		{6916BB0F-86EF-4492-BD07-CE6F3ED03AB3}.Release|x86.Build.0 = Release|Win32
	EndGlobalSection
	GlobalSection(SolutionProperties) = preSolution
		HideSolutionNode = FALSE
	EndGlobalSection
	GlobalSection(ExtensibilityGlobals) = postSolution
		SolutionGuid = {63880378-FCE2-400B-A859-C492D48C4E4E}
	EndGlobalSection
EndGlobal
